
Microsoft Visual Studio Solution File, Format Version 12.00
Project("{FAE04EC0-301F-11D3-BF4B-00C04F79EFBC}") = "ConsoleUI", "ConsoleUI\ConsoleUI.csproj", "{BB813A18-B2B2-4BE5-850F-C02B67A277CC}"
EndProject
Project("{FAE04EC0-301F-11D3-BF4B-00C04F79EFBC}") = "TicTacToeEngine", "TicTacToeEngine\TicTacToeEngine.csproj", "{5A050A7F-A73F-40DD-BED2-D20C17DEA294}"
EndProject
Project("{FAE04EC0-301F-11D3-BF4B-00C04F79EFBC}") = "ArtificialIntelligenceEngine", "ArtificialIntelligenceEngine\ArtificialIntelligenceEngine.csproj", "{2DAD0359-F679-4868-A038-4B100DF9F0C2}"
EndProject
Project("{FAE04EC0-301F-11D3-BF4B-00C04F79EFBC}") = "AIVersusAI", "AIVersusAI\AIVersusAI.csproj", "{850D20ED-44CF-48D8-B3AA-406E19EE7F1F}"
EndProject
Global
	GlobalSection(SolutionConfigurationPlatforms) = preSolution
		Debug|Any CPU = Debug|Any CPU
		Release|Any CPU = Release|Any CPU
	EndGlobalSection
	GlobalSection(ProjectConfigurationPlatforms) = postSolution
		{BB813A18-B2B2-4BE5-850F-C02B67A277CC}.Debug|Any CPU.ActiveCfg = Debug|Any CPU
		{BB813A18-B2B2-4BE5-850F-C02B67A277CC}.Debug|Any CPU.Build.0 = Debug|Any CPU
		{BB813A18-B2B2-4BE5-850F-C02B67A277CC}.Release|Any CPU.ActiveCfg = Release|Any CPU
		{BB813A18-B2B2-4BE5-850F-C02B67A277CC}.Release|Any CPU.Build.0 = Release|Any CPU
		{5A050A7F-A73F-40DD-BED2-D20C17DEA294}.Debug|Any CPU.ActiveCfg = Debug|Any CPU
		{5A050A7F-A73F-40DD-BED2-D20C17DEA294}.Debug|Any CPU.Build.0 = Debug|Any CPU
		{5A050A7F-A73F-40DD-BED2-D20C17DEA294}.Release|Any CPU.ActiveCfg = Release|Any CPU
		{5A050A7F-A73F-40DD-BED2-D20C17DEA294}.Release|Any CPU.Build.0 = Release|Any CPU
		{2DAD0359-F679-4868-A038-4B100DF9F0C2}.Debug|Any CPU.ActiveCfg = Debug|Any CPU
		{2DAD0359-F679-4868-A038-4B100DF9F0C2}.Debug|Any CPU.Build.0 = Debug|Any CPU
		{2DAD0359-F679-4868-A038-4B100DF9F0C2}.Release|Any CPU.ActiveCfg = Release|Any CPU
		{2DAD0359-F679-4868-A038-4B100DF9F0C2}.Release|Any CPU.Build.0 = Release|Any CPU
		{850D20ED-44CF-48D8-B3AA-406E19EE7F1F}.Debug|Any CPU.ActiveCfg = Debug|Any CPU
		{850D20ED-44CF-48D8-B3AA-406E19EE7F1F}.Debug|Any CPU.Build.0 = Debug|Any CPU
		{850D20ED-44CF-48D8-B3AA-406E19EE7F1F}.Release|Any CPU.ActiveCfg = Release|Any CPU
		{850D20ED-44CF-48D8-B3AA-406E19EE7F1F}.Release|Any CPU.Build.0 = Release|Any CPU
	EndGlobalSection
EndGlobal
